[root]
name = "ro"
version = "0.0.1"
dependencies = [
 "json_macros 0.1.3 (registry+https://github.com/rust-lang/crates.io-index)",
]

[[package]]
name = "json_macros"
version = "0.1.3"
source = "registry+https://github.com/rust-lang/crates.io-index"
dependencies = [
 "rustc-serialize 0.2.12 (registry+https://github.com/rust-lang/crates.io-index)",
]

[[package]]
name = "rustc-serialize"
version = "0.2.12"
source = "registry+https://github.com/rust-lang/crates.io-index"

